
Microsoft Visual Studio Solution File, Format Version 12.00
# Visual Studio Version 16
VisualStudioVersion = 16.0.29613.14
MinimumVisualStudioVersion = 10.0.40219.1
Project("{FAE04EC0-301F-11D3-BF4B-00C04F79EFBC}") = "EFProject", "EFProject.csproj", "{5258296A-3C2A-473D-8F23-1347E59DDDD1}"
EndProject
Project("{FAE04EC0-301F-11D3-BF4B-00C04F79EFBC}") = "EF_Client1", "..\EF_Client1\EF_Client1.csproj", "{9231255F-58E4-4AF2-A6D6-B64CA2CD1FD5}"
EndProject
Global
	GlobalSection(SolutionConfigurationPlatforms) = preSolution
		Debug|Any CPU = Debug|Any CPU
		Release|Any CPU = Release|Any CPU
	EndGlobalSection
	GlobalSection(ProjectConfigurationPlatforms) = postSolution
		{5258296A-3C2A-473D-8F23-1347E59DDDD1}.Debug|Any CPU.ActiveCfg = Debug|Any CPU
		{5258296A-3C2A-473D-8F23-1347E59DDDD1}.Debug|Any CPU.Build.0 = Debug|Any CPU
		{5258296A-3C2A-473D-8F23-1347E59DDDD1}.Release|Any CPU.ActiveCfg = Release|Any CPU
		{5258296A-3C2A-473D-8F23-1347E59DDDD1}.Release|Any CPU.Build.0 = Release|Any CPU
		{9231255F-58E4-4AF2-A6D6-B64CA2CD1FD5}.Debug|Any CPU.ActiveCfg = Debug|Any CPU
		{9231255F-58E4-4AF2-A6D6-B64CA2CD1FD5}.Debug|Any CPU.Build.0 = Debug|Any CPU
		{9231255F-58E4-4AF2-A6D6-B64CA2CD1FD5}.Release|Any CPU.ActiveCfg = Release|Any CPU
		{9231255F-58E4-4AF2-A6D6-B64CA2CD1FD5}.Release|Any CPU.Build.0 = Release|Any CPU
	EndGlobalSection
	GlobalSection(SolutionProperties) = preSolution
		HideSolutionNode = FALSE
	EndGlobalSection
	GlobalSection(ExtensibilityGlobals) = postSolution
		SolutionGuid = {5E5BB050-3346-40D4-A39E-9050D609F36F}
	EndGlobalSection
EndGlobal
